// !$*UTF8*$!
{
	archiveVersion = 1;
	classes = {
	};
	objectVersion = 77;
	objects = {

/* Begin PBXContainerItemProxy section */
		5C98CBF52CCF418800CF4E3C /* PBXContainerItemProxy */ = {
			isa = PBXContainerItemProxy;
			containerPortal = 5C98CBD62CCF418600CF4E3C /* Project object */;
			proxyType = 1;
			remoteGlobalIDString = 5C98CBDD2CCF418600CF4E3C;
			remoteInfo = "Inson_va_kompyuterning_o'zaro_ta'siri_2";
		};
		5C98CBFF2CCF418800CF4E3C /* PBXContainerItemProxy */ = {
			isa = PBXContainerItemProxy;
			containerPortal = 5C98CBD62CCF418600CF4E3C /* Project object */;
			proxyType = 1;
			remoteGlobalIDString = 5C98CBDD2CCF418600CF4E3C;
			remoteInfo = "Inson_va_kompyuterning_o'zaro_ta'siri_2";
		};
/* End PBXContainerItemProxy section */

/* Begin PBXFileReference section */
		5C98CBDE2CCF418600CF4E3C /* Inson_va_kompyuterning_o'zaro_ta'siri_2.app */ = {isa = PBXFileReference; explicitFileType = wrapper.application; includeInIndex = 0; path = "Inson_va_kompyuterning_o'zaro_ta'siri_2.app"; sourceTree = BUILT_PRODUCTS_DIR; };
		5C98CBF42CCF418800CF4E3C /* Inson_va_kompyuterning_o'zaro_ta'siri_2Tests.xctest */ = {isa = PBXFileReference; explicitFileType = wrapper.cfbundle; includeInIndex = 0; path = "Inson_va_kompyuterning_o'zaro_ta'siri_2Tests.xctest"; sourceTree = BUILT_PRODUCTS_DIR; };
		5C98CBFE2CCF418800CF4E3C /* Inson_va_kompyuterning_o'zaro_ta'siri_2UITests.xctest */ = {isa = PBXFileReference; explicitFileType = wrapper.cfbundle; includeInIndex = 0; path = "Inson_va_kompyuterning_o'zaro_ta'siri_2UITests.xctest"; sourceTree = BUILT_PRODUCTS_DIR; };
/* End PBXFileReference section */

/* Begin PBXFileSystemSynchronizedBuildFileExceptionSet section */
		5C98CC062CCF418800CF4E3C /* Exceptions for "Inson_va_kompyuterning_o'zaro_ta'siri_2" folder in "Inson_va_kompyuterning_o'zaro_ta'siri_2" target */ = {
			isa = PBXFileSystemSynchronizedBuildFileExceptionSet;
			membershipExceptions = (
				Info.plist,
			);
			target = 5C98CBDD2CCF418600CF4E3C /* Inson_va_kompyuterning_o'zaro_ta'siri_2 */;
		};
/* End PBXFileSystemSynchronizedBuildFileExceptionSet section */

/* Begin PBXFileSystemSynchronizedRootGroup section */
		5C98CBE02CCF418600CF4E3C /* Inson_va_kompyuterning_o'zaro_ta'siri_2 */ = {
			isa = PBXFileSystemSynchronizedRootGroup;
			exceptions = (
				5C98CC062CCF418800CF4E3C /* Exceptions for "Inson_va_kompyuterning_o'zaro_ta'siri_2" folder in "Inson_va_kompyuterning_o'zaro_ta'siri_2" target */,
			);
			path = "Inson_va_kompyuterning_o'zaro_ta'siri_2";
			sourceTree = "<group>";
		};
		5C98CBF72CCF418800CF4E3C /* Inson_va_kompyuterning_o'zaro_ta'siri_2Tests */ = {
			isa = PBXFileSystemSynchronizedRootGroup;
			path = "Inson_va_kompyuterning_o'zaro_ta'siri_2Tests";
			sourceTree = "<group>";
		};
		5C98CC012CCF418800CF4E3C /* Inson_va_kompyuterning_o'zaro_ta'siri_2UITests */ = {
			isa = PBXFileSystemSynchronizedRootGroup;
			path = "Inson_va_kompyuterning_o'zaro_ta'siri_2UITests";
			sourceTree = "<group>";
		};
/* End PBXFileSystemSynchronizedRootGroup section */

/* Begin PBXFrameworksBuildPhase section */
		5C98CBDB2CCF418600CF4E3C /* Frameworks */ = {
			isa = PBXFrameworksBuildPhase;
			buildActionMask = 2147483647;
			files = (
			);
			runOnlyForDeploymentPostprocessing = 0;
		};
		5C98CBF12CCF418800CF4E3C /* Frameworks */ = {
			isa = PBXFrameworksBuildPhase;
			buildActionMask = 2147483647;
			files = (
			);
			runOnlyForDeploymentPostprocessing = 0;
		};
		5C98CBFB2CCF418800CF4E3C /* Frameworks */ = {
			isa = PBXFrameworksBuildPhase;
			buildActionMask = 2147483647;
			files = (
			);
			runOnlyForDeploymentPostprocessing = 0;
		};
/* End PBXFrameworksBuildPhase section */

/* Begin PBXGroup section */
		5C98CBD52CCF418600CF4E3C = {
			isa = PBXGroup;
			children = (
				5C98CBE02CCF418600CF4E3C /* Inson_va_kompyuterning_o'zaro_ta'siri_2 */,
				5C98CBF72CCF418800CF4E3C /* Inson_va_kompyuterning_o'zaro_ta'siri_2Tests */,
				5C98CC012CCF418800CF4E3C /* Inson_va_kompyuterning_o'zaro_ta'siri_2UITests */,
				5C98CBDF2CCF418600CF4E3C /* Products */,
			);
			sourceTree = "<group>";
		};
		5C98CBDF2CCF418600CF4E3C /* Products */ = {
			isa = PBXGroup;
			children = (
				5C98CBDE2CCF418600CF4E3C /* Inson_va_kompyuterning_o'zaro_ta'siri_2.app */,
				5C98CBF42CCF418800CF4E3C /* Inson_va_kompyuterning_o'zaro_ta'siri_2Tests.xctest */,
				5C98CBFE2CCF418800CF4E3C /* Inson_va_kompyuterning_o'zaro_ta'siri_2UITests.xctest */,
			);
			name = Products;
			sourceTree = "<group>";
		};
/* End PBXGroup section */

/* Begin PBXNativeTarget section */
		5C98CBDD2CCF418600CF4E3C /* Inson_va_kompyuterning_o'zaro_ta'siri_2 */ = {
			isa = PBXNativeTarget;
			buildConfigurationList = 5C98CC072CCF418800CF4E3C /* Build configuration list for PBXNativeTarget "Inson_va_kompyuterning_o'zaro_ta'siri_2" */;
			buildPhases = (
				5C98CBDA2CCF418600CF4E3C /* Sources */,
				5C98CBDB2CCF418600CF4E3C /* Frameworks */,
				5C98CBDC2CCF418600CF4E3C /* Resources */,
			);
			buildRules = (
			);
			dependencies = (
			);
			fileSystemSynchronizedGroups = (
				5C98CBE02CCF418600CF4E3C /* Inson_va_kompyuterning_o'zaro_ta'siri_2 */,
			);
			name = "Inson_va_kompyuterning_o'zaro_ta'siri_2";
			packageProductDependencies = (
			);
			productName = "Inson_va_kompyuterning_o'zaro_ta'siri_2";
			productReference = 5C98CBDE2CCF418600CF4E3C /* Inson_va_kompyuterning_o'zaro_ta'siri_2.app */;
			productType = "com.apple.product-type.application";
		};
		5C98CBF32CCF418800CF4E3C /* Inson_va_kompyuterning_o'zaro_ta'siri_2Tests */ = {
			isa = PBXNativeTarget;
			buildConfigurationList = 5C98CC0C2CCF418800CF4E3C /* Build configuration list for PBXNativeTarget "Inson_va_kompyuterning_o'zaro_ta'siri_2Tests" */;
			buildPhases = (
				5C98CBF02CCF418800CF4E3C /* Sources */,
				5C98CBF12CCF418800CF4E3C /* Frameworks */,
				5C98CBF22CCF418800CF4E3C /* Resources */,
			);
			buildRules = (
			);
			dependencies = (
				5C98CBF62CCF418800CF4E3C /* PBXTargetDependency */,
			);
			fileSystemSynchronizedGroups = (
				5C98CBF72CCF418800CF4E3C /* Inson_va_kompyuterning_o'zaro_ta'siri_2Tests */,
			);
			name = "Inson_va_kompyuterning_o'zaro_ta'siri_2Tests";
			packageProductDependencies = (
			);
			productName = "Inson_va_kompyuterning_o'zaro_ta'siri_2Tests";
			productReference = 5C98CBF42CCF418800CF4E3C /* Inson_va_kompyuterning_o'zaro_ta'siri_2Tests.xctest */;
			productType = "com.apple.product-type.bundle.unit-test";
		};
		5C98CBFD2CCF418800CF4E3C /* Inson_va_kompyuterning_o'zaro_ta'siri_2UITests */ = {
			isa = PBXNativeTarget;
			buildConfigurationList = 5C98CC0F2CCF418800CF4E3C /* Build configuration list for PBXNativeTarget "Inson_va_kompyuterning_o'zaro_ta'siri_2UITests" */;
			buildPhases = (
				5C98CBFA2CCF418800CF4E3C /* Sources */,
				5C98CBFB2CCF418800CF4E3C /* Frameworks */,
				5C98CBFC2CCF418800CF4E3C /* Resources */,
			);
			buildRules = (
			);
			dependencies = (
				5C98CC002CCF418800CF4E3C /* PBXTargetDependency */,
			);
			fileSystemSynchronizedGroups = (
				5C98CC012CCF418800CF4E3C /* Inson_va_kompyuterning_o'zaro_ta'siri_2UITests */,
			);
			name = "Inson_va_kompyuterning_o'zaro_ta'siri_2UITests";
			packageProductDependencies = (
			);
			productName = "Inson_va_kompyuterning_o'zaro_ta'siri_2UITests";
			productReference = 5C98CBFE2CCF418800CF4E3C /* Inson_va_kompyuterning_o'zaro_ta'siri_2UITests.xctest */;
			productType = "com.apple.product-type.bundle.ui-testing";
		};
/* End PBXNativeTarget section */

/* Begin PBXProject section */
		5C98CBD62CCF418600CF4E3C /* Project object */ = {
			isa = PBXProject;
			attributes = {
				BuildIndependentTargetsInParallel = 1;
				LastSwiftUpdateCheck = 1600;
				LastUpgradeCheck = 1600;
				TargetAttributes = {
					5C98CBDD2CCF418600CF4E3C = {
						CreatedOnToolsVersion = 16.0;
					};
					5C98CBF32CCF418800CF4E3C = {
						CreatedOnToolsVersion = 16.0;
						TestTargetID = 5C98CBDD2CCF418600CF4E3C;
					};
					5C98CBFD2CCF418800CF4E3C = {
						CreatedOnToolsVersion = 16.0;
						TestTargetID = 5C98CBDD2CCF418600CF4E3C;
					};
				};
			};
			buildConfigurationList = 5C98CBD92CCF418600CF4E3C /* Build configuration list for PBXProject "Inson_va_kompyuterning_o'zaro_ta'siri_2" */;
			developmentRegion = en;
			hasScannedForEncodings = 0;
			knownRegions = (
				en,
				Base,
			);
			mainGroup = 5C98CBD52CCF418600CF4E3C;
			minimizedProjectReferenceProxies = 1;
			preferredProjectObjectVersion = 77;
			productRefGroup = 5C98CBDF2CCF418600CF4E3C /* Products */;
			projectDirPath = "";
			projectRoot = "";
			targets = (
				5C98CBDD2CCF418600CF4E3C /* Inson_va_kompyuterning_o'zaro_ta'siri_2 */,
				5C98CBF32CCF418800CF4E3C /* Inson_va_kompyuterning_o'zaro_ta'siri_2Tests */,
				5C98CBFD2CCF418800CF4E3C /* Inson_va_kompyuterning_o'zaro_ta'siri_2UITests */,
			);
		};
/* End PBXProject section */

/* Begin PBXResourcesBuildPhase section */
		5C98CBDC2CCF418600CF4E3C /* Resources */ = {
			isa = PBXResourcesBuildPhase;
			buildActionMask = 2147483647;
			files = (
			);
			runOnlyForDeploymentPostprocessing = 0;
		};
		5C98CBF22CCF418800CF4E3C /* Resources */ = {
			isa = PBXResourcesBuildPhase;
			buildActionMask = 2147483647;
			files = (
			);
			runOnlyForDeploymentPostprocessing = 0;
		};
		5C98CBFC2CCF418800CF4E3C /* Resources */ = {
			isa = PBXResourcesBuildPhase;
			buildActionMask = 2147483647;
			files = (
			);
			runOnlyForDeploymentPostprocessing = 0;
		};
/* End PBXResourcesBuildPhase section */

/* Begin PBXSourcesBuildPhase section */
		5C98CBDA2CCF418600CF4E3C /* Sources */ = {
			isa = PBXSourcesBuildPhase;
			buildActionMask = 2147483647;
			files = (
			);
			runOnlyForDeploymentPostprocessing = 0;
		};
		5C98CBF02CCF418800CF4E3C /* Sources */ = {
			isa = PBXSourcesBuildPhase;
			buildActionMask = 2147483647;
			files = (
			);
			runOnlyForDeploymentPostprocessing = 0;
		};
		5C98CBFA2CCF418800CF4E3C /* Sources */ = {
			isa = PBXSourcesBuildPhase;
			buildActionMask = 2147483647;
			files = (
			);
			runOnlyForDeploymentPostprocessing = 0;
		};
/* End PBXSourcesBuildPhase section */

/* Begin PBXTargetDependency section */
		5C98CBF62CCF418800CF4E3C /* PBXTargetDependency */ = {
			isa = PBXTargetDependency;
			target = 5C98CBDD2CCF418600CF4E3C /* Inson_va_kompyuterning_o'zaro_ta'siri_2 */;
			targetProxy = 5C98CBF52CCF418800CF4E3C /* PBXContainerItemProxy */;
		};
		5C98CC002CCF418800CF4E3C /* PBXTargetDependency */ = {
			isa = PBXTargetDependency;
			target = 5C98CBDD2CCF418600CF4E3C /* Inson_va_kompyuterning_o'zaro_ta'siri_2 */;
			targetProxy = 5C98CBFF2CCF418800CF4E3C /* PBXContainerItemProxy */;
		};
/* End PBXTargetDependency section */

/* Begin XCBuildConfiguration section */
		5C98CC082CCF418800CF4E3C /* Debug */ = {
			isa = XCBuildConfiguration;
			buildSettings = {
				ASSETCATALOG_COMPILER_APPICON_NAME = AppIcon;
				ASSETCATALOG_COMPILER_GLOBAL_ACCENT_COLOR_NAME = AccentColor;
				CODE_SIGN_STYLE = Automatic;
				CURRENT_PROJECT_VERSION = 1;
				GENERATE_INFOPLIST_FILE = YES;
				INFOPLIST_FILE = "Inson_va_kompyuterning_o'zaro_ta'siri_2/Info.plist";
				INFOPLIST_KEY_UIApplicationSupportsIndirectInputEvents = YES;
				INFOPLIST_KEY_UILaunchStoryboardName = LaunchScreen;
				INFOPLIST_KEY_UIMainStoryboardFile = Main;
				INFOPLIST_KEY_UISupportedInterfaceOrientations_iPad = "UIInterfaceOrientationPortrait UIInterfaceOrientationPortraitUpsideDown UIInterfaceOrientationLandscapeLeft UIInterfaceOrientationLandscapeRight";
				INFOPLIST_KEY_UISupportedInterfaceOrientations_iPhone = "UIInterfaceOrientationPortrait UIInterfaceOrientationLandscapeLeft UIInterfaceOrientationLandscapeRight";
				LD_RUNPATH_SEARCH_PATHS = (
					"$(inherited)",
					"@executable_path/Frameworks",
				);
				MARKETING_VERSION = 1.0;
				PRODUCT_BUNDLE_IDENTIFIER = "IOs-Dev-Diyor.Inson-va-kompyuterning-o-zaro-ta-siri-2";
				PRODUCT_NAME = "$(TARGET_NAME)";
				SWIFT_EMIT_LOC_STRINGS = YES;
				SWIFT_VERSION = 5.0;
				TARGETED_DEVICE_FAMILY = "1,2";
			};
			name = Debug;
		};
		5C98CC092CCF418800CF4E3C /* Release */ = {
			isa = XCBuildConfiguration;
			buildSettings = {
				ASSETCATALOG_COMPILER_APPICON_NAME = AppIcon;
				ASSETCATALOG_COMPILER_GLOBAL_ACCENT_COLOR_NAME = AccentColor;
				CODE_SIGN_STYLE = Automatic;
				CURRENT_PROJECT_VERSION = 1;
				GENERATE_INFOPLIST_FILE = YES;
				INFOPLIST_FILE = "Inson_va_kompyuterning_o'zaro_ta'siri_2/Info.plist";
				INFOPLIST_KEY_UIApplicationSupportsIndirectInputEvents = YES;
				INFOPLIST_KEY_UILaunchStoryboardName = LaunchScreen;
				INFOPLIST_KEY_UIMainStoryboardFile = Main;
				INFOPLIST_KEY_UISupportedInterfaceOrientations_iPad = "UIInterfaceOrientationPortrait UIInterfaceOrientationPortraitUpsideDown UIInterfaceOrientationLandscapeLeft UIInterfaceOrientationLandscapeRight";
				INFOPLIST_KEY_UISupportedInterfaceOrientations_iPhone = "UIInterfaceOrientationPortrait UIInterfaceOrientationLandscapeLeft UIInterfaceOrientationLandscapeRight";
				LD_RUNPATH_SEARCH_PATHS = (
					"$(inherited)",
					"@executable_path/Frameworks",
				);
				MARKETING_VERSION = 1.0;
				PRODUCT_BUNDLE_IDENTIFIER = "IOs-Dev-Diyor.Inson-va-kompyuterning-o-zaro-ta-siri-2";
				PRODUCT_NAME = "$(TARGET_NAME)";
				SWIFT_EMIT_LOC_STRINGS = YES;
				SWIFT_VERSION = 5.0;
				TARGETED_DEVICE_FAMILY = "1,2";
			};
			name = Release;
		};
		5C98CC0A2CCF418800CF4E3C /* Debug */ = {
			isa = XCBuildConfiguration;
			buildSettings = {
				ALWAYS_SEARCH_USER_PATHS = NO;
				ASSETCATALOG_COMPILER_GENERATE_SWIFT_ASSET_SYMBOL_EXTENSIONS = YES;
				CLANG_ANALYZER_NONNULL = YES;
				CLANG_ANALYZER_NUMBER_OBJECT_CONVERSION = YES_AGGRESSIVE;
				CLANG_CXX_LANGUAGE_STANDARD = "gnu++20";
				CLANG_ENABLE_MODULES = YES;
				CLANG_ENABLE_OBJC_ARC = YES;
				CLANG_ENABLE_OBJC_WEAK = YES;
				CLANG_WARN_BLOCK_CAPTURE_AUTORELEASING = YES;
				CLANG_WARN_BOOL_CONVERSION = YES;
				CLANG_WARN_COMMA = YES;
				CLANG_WARN_CONSTANT_CONVERSION = YES;
				CLANG_WARN_DEPRECATED_OBJC_IMPLEMENTATIONS = YES;
				CLANG_WARN_DIRECT_OBJC_ISA_USAGE = YES_ERROR;
				CLANG_WARN_DOCUMENTATION_COMMENTS = YES;
				CLANG_WARN_EMPTY_BODY = YES;
				CLANG_WARN_ENUM_CONVERSION = YES;
				CLANG_WARN_INFINITE_RECURSION = YES;
				CLANG_WARN_INT_CONVERSION = YES;
				CLANG_WARN_NON_LITERAL_NULL_CONVERSION = YES;
				CLANG_WARN_OBJC_IMPLICIT_RETAIN_SELF = YES;
				CLANG_WARN_OBJC_LITERAL_CONVERSION = YES;
				CLANG_WARN_OBJC_ROOT_CLASS = YES_ERROR;
				CLANG_WARN_QUOTED_INCLUDE_IN_FRAMEWORK_HEADER = YES;
				CLANG_WARN_RANGE_LOOP_ANALYSIS = YES;
				CLANG_WARN_STRICT_PROTOTYPES = YES;
				CLANG_WARN_SUSPICIOUS_MOVE = YES;
				CLANG_WARN_UNGUARDED_AVAILABILITY = YES_AGGRESSIVE;
				CLANG_WARN_UNREACHABLE_CODE = YES;
				CLANG_WARN__DUPLICATE_METHOD_MATCH = YES;
				COPY_PHASE_STRIP = NO;
				DEBUG_INFORMATION_FORMAT = dwarf;
				ENABLE_STRICT_OBJC_MSGSEND = YES;
				ENABLE_TESTABILITY = YES;
				ENABLE_USER_SCRIPT_SANDBOXING = YES;
				GCC_C_LANGUAGE_STANDARD = gnu17;
				GCC_DYNAMIC_NO_PIC = NO;
				GCC_NO_COMMON_BLOCKS = YES;
				GCC_OPTIMIZATION_LEVEL = 0;
				GCC_PREPROCESSOR_DEFINITIONS = (
					"DEBUG=1",
					"$(inherited)",
				);
				GCC_WARN_64_TO_32_BIT_CONVERSION = YES;
				GCC_WARN_ABOUT_RETURN_TYPE = YES_ERROR;
				GCC_WARN_UNDECLARED_SELECTOR = YES;
				GCC_WARN_UNINITIALIZED_AUTOS = YES_AGGRESSIVE;
				GCC_WARN_UNUSED_FUNCTION = YES;
				GCC_WARN_UNUSED_VARIABLE = YES;
				IPHONEOS_DEPLOYMENT_TARGET = 18.0;
				LOCALIZATION_PREFERS_STRING_CATALOGS = YES;
				MTL_ENABLE_DEBUG_INFO = INCLUDE_SOURCE;
				MTL_FAST_MATH = YES;
				ONLY_ACTIVE_ARCH = YES;
				SDKROOT = iphoneos;
				SWIFT_ACTIVE_COMPILATION_CONDITIONS = "DEBUG $(inherited)";
				SWIFT_OPTIMIZATION_LEVEL = "-Onone";
			};
			name = Debug;
		};
		5C98CC0B2CCF418800CF4E3C /* Release */ = {
			isa = XCBuildConfiguration;
			buildSettings = {
				ALWAYS_SEARCH_USER_PATHS = NO;
				ASSETCATALOG_COMPILER_GENERATE_SWIFT_ASSET_SYMBOL_EXTENSIONS = YES;
				CLANG_ANALYZER_NONNULL = YES;
				CLANG_ANALYZER_NUMBER_OBJECT_CONVERSION = YES_AGGRESSIVE;
				CLANG_CXX_LANGUAGE_STANDARD = "gnu++20";
				CLANG_ENABLE_MODULES = YES;
				CLANG_ENABLE_OBJC_ARC = YES;
				CLANG_ENABLE_OBJC_WEAK = YES;
				CLANG_WARN_BLOCK_CAPTURE_AUTORELEASING = YES;
				CLANG_WARN_BOOL_CONVERSION = YES;
				CLANG_WARN_COMMA = YES;
				CLANG_WARN_CONSTANT_CONVERSION = YES;
				CLANG_WARN_DEPRECATED_OBJC_IMPLEMENTATIONS = YES;
				CLANG_WARN_DIRECT_OBJC_ISA_USAGE = YES_ERROR;
				CLANG_WARN_DOCUMENTATION_COMMENTS = YES;
				CLANG_WARN_EMPTY_BODY = YES;
				CLANG_WARN_ENUM_CONVERSION = YES;
				CLANG_WARN_INFINITE_RECURSION = YES;
				CLANG_WARN_INT_CONVERSION = YES;
				CLANG_WARN_NON_LITERAL_NULL_CONVERSION = YES;
				CLANG_WARN_OBJC_IMPLICIT_RETAIN_SELF = YES;
				CLANG_WARN_OBJC_LITERAL_CONVERSION = YES;
				CLANG_WARN_OBJC_ROOT_CLASS = YES_ERROR;
				CLANG_WARN_QUOTED_INCLUDE_IN_FRAMEWORK_HEADER = YES;
				CLANG_WARN_RANGE_LOOP_ANALYSIS = YES;
				CLANG_WARN_STRICT_PROTOTYPES = YES;
				CLANG_WARN_SUSPICIOUS_MOVE = YES;
				CLANG_WARN_UNGUARDED_AVAILABILITY = YES_AGGRESSIVE;
				CLANG_WARN_UNREACHABLE_CODE = YES;
				CLANG_WARN__DUPLICATE_METHOD_MATCH = YES;
				COPY_PHASE_STRIP = NO;
				DEBUG_INFORMATION_FORMAT = "dwarf-with-dsym";
				ENABLE_NS_ASSERTIONS = NO;
				ENABLE_STRICT_OBJC_MSGSEND = YES;
				ENABLE_USER_SCRIPT_SANDBOXING = YES;
				GCC_C_LANGUAGE_STANDARD = gnu17;
				GCC_NO_COMMON_BLOCKS = YES;
				GCC_WARN_64_TO_32_BIT_CONVERSION = YES;
				GCC_WARN_ABOUT_RETURN_TYPE = YES_ERROR;
				GCC_WARN_UNDECLARED_SELECTOR = YES;
				GCC_WARN_UNINITIALIZED_AUTOS = YES_AGGRESSIVE;
				GCC_WARN_UNUSED_FUNCTION = YES;
				GCC_WARN_UNUSED_VARIABLE = YES;
				IPHONEOS_DEPLOYMENT_TARGET = 18.0;
				LOCALIZATION_PREFERS_STRING_CATALOGS = YES;
				MTL_ENABLE_DEBUG_INFO = NO;
				MTL_FAST_MATH = YES;
				SDKROOT = iphoneos;
				SWIFT_COMPILATION_MODE = wholemodule;
				VALIDATE_PRODUCT = YES;
			};
			name = Release;
		};
		5C98CC0D2CCF418800CF4E3C /* Debug */ = {
			isa = XCBuildConfiguration;
			buildSettings = {
				BUNDLE_LOADER = "$(TEST_HOST)";
				CODE_SIGN_STYLE = Automatic;
				CURRENT_PROJECT_VERSION = 1;
				GENERATE_INFOPLIST_FILE = YES;
				IPHONEOS_DEPLOYMENT_TARGET = 18.0;
				MARKETING_VERSION = 1.0;
				PRODUCT_BUNDLE_IDENTIFIER = "IOs-Dev-Diyor.Inson-va-kompyuterning-o-zaro-ta-siri-2Tests";
				PRODUCT_NAME = "$(TARGET_NAME)";
				SWIFT_EMIT_LOC_STRINGS = NO;
				SWIFT_VERSION = 5.0;
				TARGETED_DEVICE_FAMILY = "1,2";
				TEST_HOST = "$(BUILT_PRODUCTS_DIR)/Inson_va_kompyuterning_o'zaro_ta'siri_2.app/$(BUNDLE_EXECUTABLE_FOLDER_PATH)/Inson_va_kompyuterning_o'zaro_ta'siri_2";
			};
			name = Debug;
		};
		5C98CC0E2CCF418800CF4E3C /* Release */ = {
			isa = XCBuildConfiguration;
			buildSettings = {
				BUNDLE_LOADER = "$(TEST_HOST)";
				CODE_SIGN_STYLE = Automatic;
				CURRENT_PROJECT_VERSION = 1;
				GENERATE_INFOPLIST_FILE = YES;
				IPHONEOS_DEPLOYMENT_TARGET = 18.0;
				MARKETING_VERSION = 1.0;
				PRODUCT_BUNDLE_IDENTIFIER = "IOs-Dev-Diyor.Inson-va-kompyuterning-o-zaro-ta-siri-2Tests";
				PRODUCT_NAME = "$(TARGET_NAME)";
				SWIFT_EMIT_LOC_STRINGS = NO;
				SWIFT_VERSION = 5.0;
				TARGETED_DEVICE_FAMILY = "1,2";
				TEST_HOST = "$(BUILT_PRODUCTS_DIR)/Inson_va_kompyuterning_o'zaro_ta'siri_2.app/$(BUNDLE_EXECUTABLE_FOLDER_PATH)/Inson_va_kompyuterning_o'zaro_ta'siri_2";
			};
			name = Release;
		};
		5C98CC102CCF418800CF4E3C /* Debug */ = {
			isa = XCBuildConfiguration;
			buildSettings = {
				CODE_SIGN_STYLE = Automatic;
				CURRENT_PROJECT_VERSION = 1;
				GENERATE_INFOPLIST_FILE = YES;
				MARKETING_VERSION = 1.0;
				PRODUCT_BUNDLE_IDENTIFIER = "IOs-Dev-Diyor.Inson-va-kompyuterning-o-zaro-ta-siri-2UITests";
				PRODUCT_NAME = "$(TARGET_NAME)";
				SWIFT_EMIT_LOC_STRINGS = NO;
				SWIFT_VERSION = 5.0;
				TARGETED_DEVICE_FAMILY = "1,2";
				TEST_TARGET_NAME = "Inson_va_kompyuterning_o'zaro_ta'siri_2";
			};
			name = Debug;
		};
		5C98CC112CCF418800CF4E3C /* Release */ = {
			isa = XCBuildConfiguration;
			buildSettings = {
				CODE_SIGN_STYLE = Automatic;
				CURRENT_PROJECT_VERSION = 1;
				GENERATE_INFOPLIST_FILE = YES;
				MARKETING_VERSION = 1.0;
				PRODUCT_BUNDLE_IDENTIFIER = "IOs-Dev-Diyor.Inson-va-kompyuterning-o-zaro-ta-siri-2UITests";
				PRODUCT_NAME = "$(TARGET_NAME)";
				SWIFT_EMIT_LOC_STRINGS = NO;
				SWIFT_VERSION = 5.0;
				TARGETED_DEVICE_FAMILY = "1,2";
				TEST_TARGET_NAME = "Inson_va_kompyuterning_o'zaro_ta'siri_2";
			};
			name = Release;
		};
/* End XCBuildConfiguration section */

/* Begin XCConfigurationList section */
		5C98CBD92CCF418600CF4E3C /* Build configuration list for PBXProject "Inson_va_kompyuterning_o'zaro_ta'siri_2" */ = {
			isa = XCConfigurationList;
			buildConfigurations = (
				5C98CC0A2CCF418800CF4E3C /* Debug */,
				5C98CC0B2CCF418800CF4E3C /* Release */,
			);
			defaultConfigurationIsVisible = 0;
			defaultConfigurationName = Release;
		};
		5C98CC072CCF418800CF4E3C /* Build configuration list for PBXNativeTarget "Inson_va_kompyuterning_o'zaro_ta'siri_2" */ = {
			isa = XCConfigurationList;
			buildConfigurations = (
				5C98CC082CCF418800CF4E3C /* Debug */,
				5C98CC092CCF418800CF4E3C /* Release */,
			);
			defaultConfigurationIsVisible = 0;
			defaultConfigurationName = Release;
		};
		5C98CC0C2CCF418800CF4E3C /* Build configuration list for PBXNativeTarget "Inson_va_kompyuterning_o'zaro_ta'siri_2Tests" */ = {
			isa = XCConfigurationList;
			buildConfigurations = (
				5C98CC0D2CCF418800CF4E3C /* Debug */,
				5C98CC0E2CCF418800CF4E3C /* Release */,
			);
			defaultConfigurationIsVisible = 0;
			defaultConfigurationName = Release;
		};
		5C98CC0F2CCF418800CF4E3C /* Build configuration list for PBXNativeTarget "Inson_va_kompyuterning_o'zaro_ta'siri_2UITests" */ = {
			isa = XCConfigurationList;
			buildConfigurations = (
				5C98CC102CCF418800CF4E3C /* Debug */,
				5C98CC112CCF418800CF4E3C /* Release */,
			);
			defaultConfigurationIsVisible = 0;
			defaultConfigurationName = Release;
		};
/* End XCConfigurationList section */
	};
	rootObject = 5C98CBD62CCF418600CF4E3C /* Project object */;
}
